// !$*UTF8*$!
{
	archiveVersion = 1;
	classes = {
	};
	objectVersion = 46;
	objects = {

/* Begin PBXBuildFile section */
		4AF3B9B019DD9C2400D58072 /* AppDelegate.swift in Sources */ = {isa = PBXBuildFile; fileRef = 4AF3B9AF19DD9C2400D58072 /* AppDelegate.swift */; };
		4AF3B9B219DD9C2400D58072 /* ViewController.swift in Sources */ = {isa = PBXBuildFile; fileRef = 4AF3B9B119DD9C2400D58072 /* ViewController.swift */; };
		4AF3B9B519DD9C2400D58072 /* Main.storyboard in Resources */ = {isa = PBXBuildFile; fileRef = 4AF3B9B319DD9C2400D58072 /* Main.storyboard */; };
		4AF3B9B719DD9C2400D58072 /* Images.xcassets in Resources */ = {isa = PBXBuildFile; fileRef = 4AF3B9B619DD9C2400D58072 /* Images.xcassets */; };
		4AF3B9BA19DD9C2400D58072 /* LaunchScreen.xib in Resources */ = {isa = PBXBuildFile; fileRef = 4AF3B9B819DD9C2400D58072 /* LaunchScreen.xib */; };
		4AF3B9C619DD9C2400D58072 /* SegmentedViewControllerDemoTests.swift in Sources */ = {isa = PBXBuildFile; fileRef = 4AF3B9C519DD9C2400D58072 /* SegmentedViewControllerDemoTests.swift */; };
		4AF3B9E219DD9D2400D58072 /* SegmentedViewController.framework in Frameworks */ = {isa = PBXBuildFile; fileRef = 4AF3B9E119DD9D2400D58072 /* SegmentedViewController.framework */; };
/* End PBXBuildFile section */

/* Begin PBXContainerItemProxy section */
		4AF3B9C019DD9C2400D58072 /* PBXContainerItemProxy */ = {
			isa = PBXContainerItemProxy;
			containerPortal = 4AF3B9A219DD9C2400D58072 /* Project object */;
			proxyType = 1;
			remoteGlobalIDString = 4AF3B9A919DD9C2400D58072;
			remoteInfo = SegmentedViewControllerDemo;
		};
/* End PBXContainerItemProxy section */

/* Begin PBXFileReference section */
		4AF3B9AA19DD9C2400D58072 /* SegmentedViewControllerDemo.app */ = {isa = PBXFileReference; explicitFileType = wrapper.application; includeInIndex = 0; path = SegmentedViewControllerDemo.app; sourceTree = BUILT_PRODUCTS_DIR; };
		4AF3B9AE19DD9C2400D58072 /* Info.plist */ = {isa = PBXFileReference; lastKnownFileType = text.plist.xml; path = Info.plist; sourceTree = "<group>"; };
		4AF3B9AF19DD9C2400D58072 /* AppDelegate.swift */ = {isa = PBXFileReference; lastKnownFileType = sourcecode.swift; path = AppDelegate.swift; sourceTree = "<group>"; };
		4AF3B9B119DD9C2400D58072 /* ViewController.swift */ = {isa = PBXFileReference; lastKnownFileType = sourcecode.swift; path = ViewController.swift; sourceTree = "<group>"; };
		4AF3B9B419DD9C2400D58072 /* Base */ = {isa = PBXFileReference; lastKnownFileType = file.storyboard; name = Base; path = Base.lproj/Main.storyboard; sourceTree = "<group>"; };
		4AF3B9B619DD9C2400D58072 /* Images.xcassets */ = {isa = PBXFileReference; lastKnownFileType = folder.assetcatalog; path = Images.xcassets; sourceTree = "<group>"; };
		4AF3B9B919DD9C2400D58072 /* Base */ = {isa = PBXFileReference; lastKnownFileType = file.xib; name = Base; path = Base.lproj/LaunchScreen.xib; sourceTree = "<group>"; };
		4AF3B9BF19DD9C2400D58072 /* SegmentedViewControllerDemoTests.xctest */ = {isa = PBXFileReference; explicitFileType = wrapper.cfbundle; includeInIndex = 0; path = SegmentedViewControllerDemoTests.xctest; sourceTree = BUILT_PRODUCTS_DIR; };
		4AF3B9C419DD9C2400D58072 /* Info.plist */ = {isa = PBXFileReference; lastKnownFileType = text.plist.xml; path = Info.plist; sourceTree = "<group>"; };
		4AF3B9C519DD9C2400D58072 /* SegmentedViewControllerDemoTests.swift */ = {isa = PBXFileReference; lastKnownFileType = sourcecode.swift; path = SegmentedViewControllerDemoTests.swift; sourceTree = "<group>"; };
		4AF3B9E119DD9D2400D58072 /* SegmentedViewController.framework */ = {isa = PBXFileReference; lastKnownFileType = wrapper.framework; name = SegmentedViewController.framework; path = "../build/Debug-iphoneos/SegmentedViewController.framework"; sourceTree = "<group>"; };
/* End PBXFileReference section */

/* Begin PBXFrameworksBuildPhase section */
		4AF3B9A719DD9C2400D58072 /* Frameworks */ = {
			isa = PBXFrameworksBuildPhase;
			buildActionMask = 2147483647;
			files = (
				4AF3B9E219DD9D2400D58072 /* SegmentedViewController.framework in Frameworks */,
			);
			runOnlyForDeploymentPostprocessing = 0;
		};
		4AF3B9BC19DD9C2400D58072 /* Frameworks */ = {
			isa = PBXFrameworksBuildPhase;
			buildActionMask = 2147483647;
			files = (
			);
			runOnlyForDeploymentPostprocessing = 0;
		};
/* End PBXFrameworksBuildPhase section */

/* Begin PBXGroup section */
		4AF3B9A119DD9C2400D58072 = {
			isa = PBXGroup;
			children = (
				4AF3B9AC19DD9C2400D58072 /* SegmentedViewControllerDemo */,
				4AF3B9C219DD9C2400D58072 /* SegmentedViewControllerDemoTests */,
				4AF3B9AB19DD9C2400D58072 /* Products */,
				4AF3B9E319DD9D3600D58072 /* Frameworks */,
			);
			sourceTree = "<group>";
		};
		4AF3B9AB19DD9C2400D58072 /* Products */ = {
			isa = PBXGroup;
			children = (
				4AF3B9AA19DD9C2400D58072 /* SegmentedViewControllerDemo.app */,
				4AF3B9BF19DD9C2400D58072 /* SegmentedViewControllerDemoTests.xctest */,
			);
			name = Products;
			sourceTree = "<group>";
		};
		4AF3B9AC19DD9C2400D58072 /* SegmentedViewControllerDemo */ = {
			isa = PBXGroup;
			children = (
				4AF3B9AF19DD9C2400D58072 /* AppDelegate.swift */,
				4AF3B9B119DD9C2400D58072 /* ViewController.swift */,
				4AF3B9B319DD9C2400D58072 /* Main.storyboard */,
				4AF3B9B619DD9C2400D58072 /* Images.xcassets */,
				4AF3B9B819DD9C2400D58072 /* LaunchScreen.xib */,
				4AF3B9AD19DD9C2400D58072 /* Supporting Files */,
			);
			path = SegmentedViewControllerDemo;
			sourceTree = "<group>";
		};
		4AF3B9AD19DD9C2400D58072 /* Supporting Files */ = {
			isa = PBXGroup;
			children = (
				4AF3B9AE19DD9C2400D58072 /* Info.plist */,
			);
			name = "Supporting Files";
			sourceTree = "<group>";
		};
		4AF3B9C219DD9C2400D58072 /* SegmentedViewControllerDemoTests */ = {
			isa = PBXGroup;
			children = (
				4AF3B9C519DD9C2400D58072 /* SegmentedViewControllerDemoTests.swift */,
				4AF3B9C319DD9C2400D58072 /* Supporting Files */,
			);
			path = SegmentedViewControllerDemoTests;
			sourceTree = "<group>";
		};
		4AF3B9C319DD9C2400D58072 /* Supporting Files */ = {
			isa = PBXGroup;
			children = (
				4AF3B9C419DD9C2400D58072 /* Info.plist */,
			);
			name = "Supporting Files";
			sourceTree = "<group>";
		};
		4AF3B9E319DD9D3600D58072 /* Frameworks */ = {
			isa = PBXGroup;
			children = (
				4AF3B9E119DD9D2400D58072 /* SegmentedViewController.framework */,
			);
			name = Frameworks;
			sourceTree = "<group>";
		};
/* End PBXGroup section */

/* Begin PBXNativeTarget section */
		4AF3B9A919DD9C2400D58072 /* SegmentedViewControllerDemo */ = {
			isa = PBXNativeTarget;
			buildConfigurationList = 4AF3B9C919DD9C2400D58072 /* Build configuration list for PBXNativeTarget "SegmentedViewControllerDemo" */;
			buildPhases = (
				4AF3B9A619DD9C2400D58072 /* Sources */,
				4AF3B9A719DD9C2400D58072 /* Frameworks */,
				4AF3B9A819DD9C2400D58072 /* Resources */,
			);
			buildRules = (
			);
			dependencies = (
			);
			name = SegmentedViewControllerDemo;
			productName = SegmentedViewControllerDemo;
			productReference = 4AF3B9AA19DD9C2400D58072 /* SegmentedViewControllerDemo.app */;
			productType = "com.apple.product-type.application";
		};
		4AF3B9BE19DD9C2400D58072 /* SegmentedViewControllerDemoTests */ = {
			isa = PBXNativeTarget;
			buildConfigurationList = 4AF3B9CC19DD9C2400D58072 /* Build configuration list for PBXNativeTarget "SegmentedViewControllerDemoTests" */;
			buildPhases = (
				4AF3B9BB19DD9C2400D58072 /* Sources */,
				4AF3B9BC19DD9C2400D58072 /* Frameworks */,
				4AF3B9BD19DD9C2400D58072 /* Resources */,
			);
			buildRules = (
			);
			dependencies = (
				4AF3B9C119DD9C2400D58072 /* PBXTargetDependency */,
			);
			name = SegmentedViewControllerDemoTests;
			productName = SegmentedViewControllerDemoTests;
			productReference = 4AF3B9BF19DD9C2400D58072 /* SegmentedViewControllerDemoTests.xctest */;
			productType = "com.apple.product-type.bundle.unit-test";
		};
/* End PBXNativeTarget section */

/* Begin PBXProject section */
		4AF3B9A219DD9C2400D58072 /* Project object */ = {
			isa = PBXProject;
			attributes = {
				LastUpgradeCheck = 0610;
				ORGANIZATIONNAME = "Degree 53";
				TargetAttributes = {
					4AF3B9A919DD9C2400D58072 = {
						CreatedOnToolsVersion = 6.1;
					};
					4AF3B9BE19DD9C2400D58072 = {
						CreatedOnToolsVersion = 6.1;
						TestTargetID = 4AF3B9A919DD9C2400D58072;
					};
				};
			};
			buildConfigurationList = 4AF3B9A519DD9C2400D58072 /* Build configuration list for PBXProject "SegmentedViewControllerDemo" */;
			compatibilityVersion = "Xcode 3.2";
			developmentRegion = English;
			hasScannedForEncodings = 0;
			knownRegions = (
				en,
				Base,
			);
			mainGroup = 4AF3B9A119DD9C2400D58072;
			productRefGroup = 4AF3B9AB19DD9C2400D58072 /* Products */;
			projectDirPath = "";
			projectRoot = "";
			targets = (
				4AF3B9A919DD9C2400D58072 /* SegmentedViewControllerDemo */,
				4AF3B9BE19DD9C2400D58072 /* SegmentedViewControllerDemoTests */,
			);
		};
/* End PBXProject section */

/* Begin PBXResourcesBuildPhase section */
		4AF3B9A819DD9C2400D58072 /* Resources */ = {
			isa = PBXResourcesBuildPhase;
			buildActionMask = 2147483647;
			files = (
				4AF3B9B519DD9C2400D58072 /* Main.storyboard in Resources */,
				4AF3B9BA19DD9C2400D58072 /* LaunchScreen.xib in Resources */,
				4AF3B9B719DD9C2400D58072 /* Images.xcassets in Resources */,
			);
			runOnlyForDeploymentPostprocessing = 0;
		};
		4AF3B9BD19DD9C2400D58072 /* Resources */ = {
			isa = PBXResourcesBuildPhase;
			buildActionMask = 2147483647;
			files = (
			);
			runOnlyForDeploymentPostprocessing = 0;
		};
/* End PBXResourcesBuildPhase section */

/* Begin PBXSourcesBuildPhase section */
		4AF3B9A619DD9C2400D58072 /* Sources */ = {
			isa = PBXSourcesBuildPhase;
			buildActionMask = 2147483647;
			files = (
				4AF3B9B219DD9C2400D58072 /* ViewController.swift in Sources */,
				4AF3B9B019DD9C2400D58072 /* AppDelegate.swift in Sources */,
			);
			runOnlyForDeploymentPostprocessing = 0;
		};
		4AF3B9BB19DD9C2400D58072 /* Sources */ = {
			isa = PBXSourcesBuildPhase;
			buildActionMask = 2147483647;
			files = (
				4AF3B9C619DD9C2400D58072 /* SegmentedViewControllerDemoTests.swift in Sources */,
			);
			runOnlyForDeploymentPostprocessing = 0;
		};
/* End PBXSourcesBuildPhase section */

/* Begin PBXTargetDependency section */
		4AF3B9C119DD9C2400D58072 /* PBXTargetDependency */ = {
			isa = PBXTargetDependency;
			target = 4AF3B9A919DD9C2400D58072 /* SegmentedViewControllerDemo */;
			targetProxy = 4AF3B9C019DD9C2400D58072 /* PBXContainerItemProxy */;
		};
/* End PBXTargetDependency section */

/* Begin PBXVariantGroup section */
		4AF3B9B319DD9C2400D58072 /* Main.storyboard */ = {
			isa = PBXVariantGroup;
			children = (
				4AF3B9B419DD9C2400D58072 /* Base */,
			);
			name = Main.storyboard;
			sourceTree = "<group>";
		};
		4AF3B9B819DD9C2400D58072 /* LaunchScreen.xib */ = {
			isa = PBXVariantGroup;
			children = (
				4AF3B9B919DD9C2400D58072 /* Base */,
			);
			name = LaunchScreen.xib;
			sourceTree = "<group>";
		};
/* End PBXVariantGroup section */

/* Begin XCBuildConfiguration section */
		4AF3B9C719DD9C2400D58072 /* Debug */ = {
			isa = XCBuildConfiguration;
			buildSettings = {
				ALWAYS_SEARCH_USER_PATHS = NO;
				CLANG_CXX_LANGUAGE_STANDARD = "gnu++0x";
				CLANG_CXX_LIBRARY = "libc++";
				CLANG_ENABLE_MODULES = YES;
				CLANG_ENABLE_OBJC_ARC = YES;
				CLANG_WARN_BOOL_CONVERSION = YES;
				CLANG_WARN_CONSTANT_CONVERSION = YES;
				CLANG_WARN_DIRECT_OBJC_ISA_USAGE = YES_ERROR;
				CLANG_WARN_EMPTY_BODY = YES;
				CLANG_WARN_ENUM_CONVERSION = YES;
				CLANG_WARN_INT_CONVERSION = YES;
				CLANG_WARN_OBJC_ROOT_CLASS = YES_ERROR;
				CLANG_WARN_UNREACHABLE_CODE = YES;
				CLANG_WARN__DUPLICATE_METHOD_MATCH = YES;
				"CODE_SIGN_IDENTITY[sdk=iphoneos*]" = "iPhone Developer";
				COPY_PHASE_STRIP = NO;
				ENABLE_STRICT_OBJC_MSGSEND = YES;
				GCC_C_LANGUAGE_STANDARD = gnu99;
				GCC_DYNAMIC_NO_PIC = NO;
				GCC_OPTIMIZATION_LEVEL = 0;
				GCC_PREPROCESSOR_DEFINITIONS = (
					"DEBUG=1",
					"$(inherited)",
				);
				GCC_SYMBOLS_PRIVATE_EXTERN = NO;
				GCC_WARN_64_TO_32_BIT_CONVERSION = YES;
				GCC_WARN_ABOUT_RETURN_TYPE = YES_ERROR;
				GCC_WARN_UNDECLARED_SELECTOR = YES;
				GCC_WARN_UNINITIALIZED_AUTOS = YES_AGGRESSIVE;
				GCC_WARN_UNUSED_FUNCTION = YES;
				GCC_WARN_UNUSED_VARIABLE = YES;
				IPHONEOS_DEPLOYMENT_TARGET = 8.1;
				MTL_ENABLE_DEBUG_INFO = YES;
				ONLY_ACTIVE_ARCH = YES;
				SDKROOT = iphoneos;
				SWIFT_OPTIMIZATION_LEVEL = "-Onone";
				TARGETED_DEVICE_FAMILY = "1,2";
			};
			name = Debug;
		};
		4AF3B9C819DD9C2400D58072 /* Release */ = {
			isa = XCBuildConfiguration;
			buildSettings = {
				ALWAYS_SEARCH_USER_PATHS = NO;
				CLANG_CXX_LANGUAGE_STANDARD = "gnu++0x";
				CLANG_CXX_LIBRARY = "libc++";
				CLANG_ENABLE_MODULES = YES;
				CLANG_ENABLE_OBJC_ARC = YES;
				CLANG_WARN_BOOL_CONVERSION = YES;
				CLANG_WARN_CONSTANT_CONVERSION = YES;
				CLANG_WARN_DIRECT_OBJC_ISA_USAGE = YES_ERROR;
				CLANG_WARN_EMPTY_BODY = YES;
				CLANG_WARN_ENUM_CONVERSION = YES;
				CLANG_WARN_INT_CONVERSION = YES;
				CLANG_WARN_OBJC_ROOT_CLASS = YES_ERROR;
				CLANG_WARN_UNREACHABLE_CODE = YES;
				CLANG_WARN__DUPLICATE_METHOD_MATCH = YES;
				"CODE_SIGN_IDENTITY[sdk=iphoneos*]" = "iPhone Developer";
				COPY_PHASE_STRIP = YES;
				ENABLE_NS_ASSERTIONS = NO;
				ENABLE_STRICT_OBJC_MSGSEND = YES;
				GCC_C_LANGUAGE_STANDARD = gnu99;
				GCC_WARN_64_TO_32_BIT_CONVERSION = YES;
				GCC_WARN_ABOUT_RETURN_TYPE = YES_ERROR;
				GCC_WARN_UNDECLARED_SELECTOR = YES;
				GCC_WARN_UNINITIALIZED_AUTOS = YES_AGGRESSIVE;
				GCC_WARN_UNUSED_FUNCTION = YES;
				GCC_WARN_UNUSED_VARIABLE = YES;
				IPHONEOS_DEPLOYMENT_TARGET = 8.1;
				MTL_ENABLE_DEBUG_INFO = NO;
				SDKROOT = iphoneos;
				TARGETED_DEVICE_FAMILY = "1,2";
				VALIDATE_PRODUCT = YES;
			};
			name = Release;
		};
		4AF3B9CA19DD9C2400D58072 /* Debug */ = {
			isa = XCBuildConfiguration;
			buildSettings = {
				ASSETCATALOG_COMPILER_APPICON_NAME = AppIcon;
				FRAMEWORK_SEARCH_PATHS = (
					"$(inherited)",
					"/Users/thomas.sherwood/Documents/Development/SEGSegmentedViewController/build/Debug-iphoneos",
				);
				INFOPLIST_FILE = SegmentedViewControllerDemo/Info.plist;
				LD_RUNPATH_SEARCH_PATHS = "$(inherited) @executable_path/Frameworks";
				PRODUCT_NAME = "$(TARGET_NAME)";
			};
			name = Debug;
		};
		4AF3B9CB19DD9C2400D58072 /* Release */ = {
			isa = XCBuildConfiguration;
			buildSettings = {
				ASSETCATALOG_COMPILER_APPICON_NAME = AppIcon;
				FRAMEWORK_SEARCH_PATHS = (
					"$(inherited)",
					"/Users/thomas.sherwood/Documents/Development/SEGSegmentedViewController/build/Debug-iphoneos",
				);
				INFOPLIST_FILE = SegmentedViewControllerDemo/Info.plist;
				LD_RUNPATH_SEARCH_PATHS = "$(inherited) @executable_path/Frameworks";
				PRODUCT_NAME = "$(TARGET_NAME)";
			};
			name = Release;
		};
		4AF3B9CD19DD9C2400D58072 /* Debug */ = {
			isa = XCBuildConfiguration;
			buildSettings = {
				BUNDLE_LOADER = "$(TEST_HOST)";
				FRAMEWORK_SEARCH_PATHS = (
					"$(SDKROOT)/Developer/Library/Frameworks",
					"$(inherited)",
				);
				GCC_PREPROCESSOR_DEFINITIONS = (
					"DEBUG=1",
					"$(inherited)",
				);
				INFOPLIST_FILE = SegmentedViewControllerDemoTests/Info.plist;
				LD_RUNPATH_SEARCH_PATHS = "$(inherited) @executable_path/Frameworks @loader_path/Frameworks";
				PRODUCT_NAME = "$(TARGET_NAME)";
				TEST_HOST = "$(BUILT_PRODUCTS_DIR)/SegmentedViewControllerDemo.app/SegmentedViewControllerDemo";
			};
			name = Debug;
		};
		4AF3B9CE19DD9C2400D58072 /* Release */ = {
			isa = XCBuildConfiguration;
			buildSettings = {
				BUNDLE_LOADER = "$(TEST_HOST)";
				FRAMEWORK_SEARCH_PATHS = (
					"$(SDKROOT)/Developer/Library/Frameworks",
					"$(inherited)",
				);
				INFOPLIST_FILE = SegmentedViewControllerDemoTests/Info.plist;
				LD_RUNPATH_SEARCH_PATHS = "$(inherited) @executable_path/Frameworks @loader_path/Frameworks";
				PRODUCT_NAME = "$(TARGET_NAME)";
				TEST_HOST = "$(BUILT_PRODUCTS_DIR)/SegmentedViewControllerDemo.app/SegmentedViewControllerDemo";
			};
			name = Release;
		};
/* End XCBuildConfiguration section */

/* Begin XCConfigurationList section */
		4AF3B9A519DD9C2400D58072 /* Build configuration list for PBXProject "SegmentedViewControllerDemo" */ = {
			isa = XCConfigurationList;
			buildConfigurations = (
				4AF3B9C719DD9C2400D58072 /* Debug */,
				4AF3B9C819DD9C2400D58072 /* Release */,
			);
			defaultConfigurationIsVisible = 0;
			defaultConfigurationName = Release;
		};
		4AF3B9C919DD9C2400D58072 /* Build configuration list for PBXNativeTarget "SegmentedViewControllerDemo" */ = {
			isa = XCConfigurationList;
			buildConfigurations = (
				4AF3B9CA19DD9C2400D58072 /* Debug */,
				4AF3B9CB19DD9C2400D58072 /* Release */,
			);
			defaultConfigurationIsVisible = 0;
			defaultConfigurationName = Release;
		};
		4AF3B9CC19DD9C2400D58072 /* Build configuration list for PBXNativeTarget "SegmentedViewControllerDemoTests" */ = {
			isa = XCConfigurationList;
			buildConfigurations = (
				4AF3B9CD19DD9C2400D58072 /* Debug */,
				4AF3B9CE19DD9C2400D58072 /* Release */,
			);
			defaultConfigurationIsVisible = 0;
			defaultConfigurationName = Release;
		};
/* End XCConfigurationList section */
	};
	rootObject = 4AF3B9A219DD9C2400D58072 /* Project object */;
}
